{
  "name": "tree-telegram-bot",
  "version": "0.1.0",
  "lockfileVersion": 3,
  "requires": true,
  "packages": {
    "": {
      "name": "tree-telegram-bot",
      "version": "0.1.0",
      "devDependencies": {
        "@electric-sql/pglite": "0.5.8",
        "@netlify/functions": "6.0.0"
      },
      "engines": {
        "node": ">=22"
      }
    },
    "node_modules/@electric-sql/pglite": {
      "version": "0.5.8",
      "resolved": "https://registry.npmjs.org/@electric-sql/pglite/-/pglite-0.5.8.tgz",
      "integrity": "sha512-n9tsbUOhwx2epK1V0ZG9Ar4SHWUju04dhmzZXiSBXwBoleOvIfals33NAaWgagQVAL4Rbvx/Ptsu3P+pA09f6Q==",
      "dev": true,
      "license": "Apache-2.0"
    },
    "node_modules/@netlify/functions": {
      "version": "6.0.0",
      "resolved": "https://registry.npmjs.org/@netlify/functions/-/functions-6.0.0.tgz",
      "integrity": "sha512-Pee+FoFnAtdejTkl62a7mZxj6Wx4eqVNuYyDc5T4XPJN9GaAWaUf4cZQFlf2m4Fqq0HoghjtcPKo+BZviVPPKA==",
      "dev": true,
      "license": "MIT",
      "dependencies": {
        "@netlify/types": "3.0.0"
      },
      "engines": {
        "node": ">=22.12.0"
      }
    },
    "node_modules/@netlify/types": {
      "version": "3.0.0",
      "resolved": "https://registry.npmjs.org/@netlify/types/-/types-3.0.0.tgz",
      "integrity": "sha512-zRCidsQgI4CZWrZB/kmwdPf0QbSNljakfNSLizFvrsSA3UcUrTWSBNMVKmZnob92/8ESeUN0ewXLOlffJU+ATQ==",
      "dev": true,
      "license": "MIT",
      "engines": {
        "node": ">=22.12.0"
      }
    }
  }
}
